// !$*UTF8*$!
{
	archiveVersion = 1;
	classes = {
	};
	objectVersion = 55;
	objects = {

/* Begin PBXBuildFile section */
		86E8B2C3EBCF1B67EE5B1726 /* Pods_MVVMMovie.framework in Frameworks */ = {isa = PBXBuildFile; fileRef = 80339D46C1C6C8027EF34AF9 /* Pods_MVVMMovie.framework */; };
		8962056F272C01A90080ACD6 /* ColumnFlowLayout.swift in Sources */ = {isa = PBXBuildFile; fileRef = 8962056E272C01A90080ACD6 /* ColumnFlowLayout.swift */; };
		89620571272C09250080ACD6 /* DetailVC.swift in Sources */ = {isa = PBXBuildFile; fileRef = 89620570272C09250080ACD6 /* DetailVC.swift */; };
		89620573272C09CE0080ACD6 /* DetailViewModel.swift in Sources */ = {isa = PBXBuildFile; fileRef = 89620572272C09CE0080ACD6 /* DetailViewModel.swift */; };
		89620575272C0A910080ACD6 /* Movie.swift in Sources */ = {isa = PBXBuildFile; fileRef = 89620574272C0A910080ACD6 /* Movie.swift */; };
		898B1433272BF10E002941A7 /* MovieService.swift in Sources */ = {isa = PBXBuildFile; fileRef = 898B1432272BF10E002941A7 /* MovieService.swift */; };
		89A0BC8B272BAAA400C1B73D /* AppDelegate.swift in Sources */ = {isa = PBXBuildFile; fileRef = 89A0BC8A272BAAA400C1B73D /* AppDelegate.swift */; };
		89A0BC8D272BAAA400C1B73D /* SceneDelegate.swift in Sources */ = {isa = PBXBuildFile; fileRef = 89A0BC8C272BAAA400C1B73D /* SceneDelegate.swift */; };
		89A0BC8F272BAAA400C1B73D /* PostersVC.swift in Sources */ = {isa = PBXBuildFile; fileRef = 89A0BC8E272BAAA400C1B73D /* PostersVC.swift */; };
		89A0BC92272BAAA400C1B73D /* Main.storyboard in Resources */ = {isa = PBXBuildFile; fileRef = 89A0BC90272BAAA400C1B73D /* Main.storyboard */; };
		89A0BC94272BAAA700C1B73D /* Assets.xcassets in Resources */ = {isa = PBXBuildFile; fileRef = 89A0BC93272BAAA700C1B73D /* Assets.xcassets */; };
		89A0BC97272BAAA700C1B73D /* LaunchScreen.storyboard in Resources */ = {isa = PBXBuildFile; fileRef = 89A0BC95272BAAA700C1B73D /* LaunchScreen.storyboard */; };
		89A0BC9F272BB1F000C1B73D /* AppCoordinator.swift in Sources */ = {isa = PBXBuildFile; fileRef = 89A0BC9E272BB1F000C1B73D /* AppCoordinator.swift */; };
		89A0BCA1272BBBC600C1B73D /* MoviePoster.swift in Sources */ = {isa = PBXBuildFile; fileRef = 89A0BCA0272BBBC600C1B73D /* MoviePoster.swift */; };
		89A0BCA3272BD65D00C1B73D /* PosterListViewModel.swift in Sources */ = {isa = PBXBuildFile; fileRef = 89A0BCA2272BD65D00C1B73D /* PosterListViewModel.swift */; };
		89A0BCA5272BE2A700C1B73D /* PosterCell.swift in Sources */ = {isa = PBXBuildFile; fileRef = 89A0BCA4272BE2A700C1B73D /* PosterCell.swift */; };
/* End PBXBuildFile section */

/* Begin PBXFileReference section */
		80339D46C1C6C8027EF34AF9 /* Pods_MVVMMovie.framework */ = {isa = PBXFileReference; explicitFileType = wrapper.framework; includeInIndex = 0; path = Pods_MVVMMovie.framework; sourceTree = BUILT_PRODUCTS_DIR; };
		8962056E272C01A90080ACD6 /* ColumnFlowLayout.swift */ = {isa = PBXFileReference; lastKnownFileType = sourcecode.swift; path = ColumnFlowLayout.swift; sourceTree = "<group>"; };
		89620570272C09250080ACD6 /* DetailVC.swift */ = {isa = PBXFileReference; lastKnownFileType = sourcecode.swift; path = DetailVC.swift; sourceTree = "<group>"; };
		89620572272C09CE0080ACD6 /* DetailViewModel.swift */ = {isa = PBXFileReference; lastKnownFileType = sourcecode.swift; path = DetailViewModel.swift; sourceTree = "<group>"; };
		89620574272C0A910080ACD6 /* Movie.swift */ = {isa = PBXFileReference; lastKnownFileType = sourcecode.swift; path = Movie.swift; sourceTree = "<group>"; };
		898B1432272BF10E002941A7 /* MovieService.swift */ = {isa = PBXFileReference; lastKnownFileType = sourcecode.swift; path = MovieService.swift; sourceTree = "<group>"; };
		89A0BC87272BAAA400C1B73D /* MVVMMovie.app */ = {isa = PBXFileReference; explicitFileType = wrapper.application; includeInIndex = 0; path = MVVMMovie.app; sourceTree = BUILT_PRODUCTS_DIR; };
		89A0BC8A272BAAA400C1B73D /* AppDelegate.swift */ = {isa = PBXFileReference; lastKnownFileType = sourcecode.swift; path = AppDelegate.swift; sourceTree = "<group>"; };
		89A0BC8C272BAAA400C1B73D /* SceneDelegate.swift */ = {isa = PBXFileReference; lastKnownFileType = sourcecode.swift; path = SceneDelegate.swift; sourceTree = "<group>"; };
		89A0BC8E272BAAA400C1B73D /* PostersVC.swift */ = {isa = PBXFileReference; lastKnownFileType = sourcecode.swift; path = PostersVC.swift; sourceTree = "<group>"; };
		89A0BC91272BAAA400C1B73D /* Base */ = {isa = PBXFileReference; lastKnownFileType = file.storyboard; name = Base; path = Base.lproj/Main.storyboard; sourceTree = "<group>"; };
		89A0BC93272BAAA700C1B73D /* Assets.xcassets */ = {isa = PBXFileReference; lastKnownFileType = folder.assetcatalog; path = Assets.xcassets; sourceTree = "<group>"; };
		89A0BC96272BAAA700C1B73D /* Base */ = {isa = PBXFileReference; lastKnownFileType = file.storyboard; name = Base; path = Base.lproj/LaunchScreen.storyboard; sourceTree = "<group>"; };
		89A0BC98272BAAA700C1B73D /* Info.plist */ = {isa = PBXFileReference; lastKnownFileType = text.plist.xml; path = Info.plist; sourceTree = "<group>"; };
		89A0BC9E272BB1F000C1B73D /* AppCoordinator.swift */ = {isa = PBXFileReference; lastKnownFileType = sourcecode.swift; path = AppCoordinator.swift; sourceTree = "<group>"; };
		89A0BCA0272BBBC600C1B73D /* MoviePoster.swift */ = {isa = PBXFileReference; lastKnownFileType = sourcecode.swift; path = MoviePoster.swift; sourceTree = "<group>"; };
		89A0BCA2272BD65D00C1B73D /* PosterListViewModel.swift */ = {isa = PBXFileReference; lastKnownFileType = sourcecode.swift; path = PosterListViewModel.swift; sourceTree = "<group>"; };
		89A0BCA4272BE2A700C1B73D /* PosterCell.swift */ = {isa = PBXFileReference; lastKnownFileType = sourcecode.swift; path = PosterCell.swift; sourceTree = "<group>"; };
		AC8660FED3EB23043432F3ED /* Pods-MVVMMovie.release.xcconfig */ = {isa = PBXFileReference; includeInIndex = 1; lastKnownFileType = text.xcconfig; name = "Pods-MVVMMovie.release.xcconfig"; path = "Target Support Files/Pods-MVVMMovie/Pods-MVVMMovie.release.xcconfig"; sourceTree = "<group>"; };
		D82C18DCABD6481D6D988322 /* Pods-MVVMMovie.debug.xcconfig */ = {isa = PBXFileReference; includeInIndex = 1; lastKnownFileType = text.xcconfig; name = "Pods-MVVMMovie.debug.xcconfig"; path = "Target Support Files/Pods-MVVMMovie/Pods-MVVMMovie.debug.xcconfig"; sourceTree = "<group>"; };
/* End PBXFileReference section */

/* Begin PBXFrameworksBuildPhase section */
		89A0BC84272BAAA400C1B73D /* Frameworks */ = {
			isa = PBXFrameworksBuildPhase;
			buildActionMask = 2147483647;
			files = (
				86E8B2C3EBCF1B67EE5B1726 /* Pods_MVVMMovie.framework in Frameworks */,
			);
			runOnlyForDeploymentPostprocessing = 0;
		};
/* End PBXFrameworksBuildPhase section */

/* Begin PBXGroup section */
		43696CBFFAEBB8B824E32F47 /* Pods */ = {
			isa = PBXGroup;
			children = (
				D82C18DCABD6481D6D988322 /* Pods-MVVMMovie.debug.xcconfig */,
				AC8660FED3EB23043432F3ED /* Pods-MVVMMovie.release.xcconfig */,
			);
			path = Pods;
			sourceTree = "<group>";
		};
		89A0BC7E272BAAA400C1B73D = {
			isa = PBXGroup;
			children = (
				89A0BC89272BAAA400C1B73D /* MVVMMovie */,
				89A0BC88272BAAA400C1B73D /* Products */,
				43696CBFFAEBB8B824E32F47 /* Pods */,
				E8A8255CAE0B2A1E03EED571 /* Frameworks */,
			);
			sourceTree = "<group>";
		};
		89A0BC88272BAAA400C1B73D /* Products */ = {
			isa = PBXGroup;
			children = (
				89A0BC87272BAAA400C1B73D /* MVVMMovie.app */,
			);
			name = Products;
			sourceTree = "<group>";
		};
		89A0BC89272BAAA400C1B73D /* MVVMMovie */ = {
			isa = PBXGroup;
			children = (
				89FC72D2272F9CAE00A1C7C1 /* Service */,
				89FC72D1272F9C6500A1C7C1 /* ViewController */,
				89FC72D0272F9C5F00A1C7C1 /* View */,
				89FC72CF272F9C4200A1C7C1 /* Coordinator */,
				89FC72CE272F9C2500A1C7C1 /* ViewModel */,
				89FC72CD272F9BF300A1C7C1 /* Model */,
				89A0BC8A272BAAA400C1B73D /* AppDelegate.swift */,
				89A0BC8C272BAAA400C1B73D /* SceneDelegate.swift */,
				89A0BC90272BAAA400C1B73D /* Main.storyboard */,
				89A0BC93272BAAA700C1B73D /* Assets.xcassets */,
				89A0BC95272BAAA700C1B73D /* LaunchScreen.storyboard */,
				89A0BC98272BAAA700C1B73D /* Info.plist */,
			);
			path = MVVMMovie;
			sourceTree = "<group>";
		};
		89FC72CD272F9BF300A1C7C1 /* Model */ = {
			isa = PBXGroup;
			children = (
				89620574272C0A910080ACD6 /* Movie.swift */,
				89A0BCA0272BBBC600C1B73D /* MoviePoster.swift */,
			);
			path = Model;
			sourceTree = "<group>";
		};
		89FC72CE272F9C2500A1C7C1 /* ViewModel */ = {
			isa = PBXGroup;
			children = (
				89A0BCA2272BD65D00C1B73D /* PosterListViewModel.swift */,
				89620572272C09CE0080ACD6 /* DetailViewModel.swift */,
			);
			path = ViewModel;
			sourceTree = "<group>";
		};
		89FC72CF272F9C4200A1C7C1 /* Coordinator */ = {
			isa = PBXGroup;
			children = (
				89A0BC9E272BB1F000C1B73D /* AppCoordinator.swift */,
			);
			path = Coordinator;
			sourceTree = "<group>";
		};
		89FC72D0272F9C5F00A1C7C1 /* View */ = {
			isa = PBXGroup;
			children = (
				8962056E272C01A90080ACD6 /* ColumnFlowLayout.swift */,
				89A0BCA4272BE2A700C1B73D /* PosterCell.swift */,
			);
			path = View;
			sourceTree = "<group>";
		};
		89FC72D1272F9C6500A1C7C1 /* ViewController */ = {
			isa = PBXGroup;
			children = (
				89A0BC8E272BAAA400C1B73D /* PostersVC.swift */,
				89620570272C09250080ACD6 /* DetailVC.swift */,
			);
			path = ViewController;
			sourceTree = "<group>";
		};
		89FC72D2272F9CAE00A1C7C1 /* Service */ = {
			isa = PBXGroup;
			children = (
				898B1432272BF10E002941A7 /* MovieService.swift */,
			);
			path = Service;
			sourceTree = "<group>";
		};
		E8A8255CAE0B2A1E03EED571 /* Frameworks */ = {
			isa = PBXGroup;
			children = (
				80339D46C1C6C8027EF34AF9 /* Pods_MVVMMovie.framework */,
			);
			name = Frameworks;
			sourceTree = "<group>";
		};
/* End PBXGroup section */

/* Begin PBXNativeTarget section */
		89A0BC86272BAAA400C1B73D /* MVVMMovie */ = {
			isa = PBXNativeTarget;
			buildConfigurationList = 89A0BC9B272BAAA700C1B73D /* Build configuration list for PBXNativeTarget "MVVMMovie" */;
			buildPhases = (
				DE4F76DCBA9231CC079BD850 /* [CP] Check Pods Manifest.lock */,
				89A0BC83272BAAA400C1B73D /* Sources */,
				89A0BC84272BAAA400C1B73D /* Frameworks */,
				89A0BC85272BAAA400C1B73D /* Resources */,
				13224319E8AF0B5245E65A02 /* [CP] Embed Pods Frameworks */,
			);
			buildRules = (
			);
			dependencies = (
			);
			name = MVVMMovie;
			productName = MVVMMovie;
			productReference = 89A0BC87272BAAA400C1B73D /* MVVMMovie.app */;
			productType = "com.apple.product-type.application";
		};
/* End PBXNativeTarget section */

/* Begin PBXProject section */
		89A0BC7F272BAAA400C1B73D /* Project object */ = {
			isa = PBXProject;
			attributes = {
				BuildIndependentTargetsInParallel = 1;
				LastSwiftUpdateCheck = 1300;
				LastUpgradeCheck = 1300;
				TargetAttributes = {
					89A0BC86272BAAA400C1B73D = {
						CreatedOnToolsVersion = 13.0;
					};
				};
			};
			buildConfigurationList = 89A0BC82272BAAA400C1B73D /* Build configuration list for PBXProject "MVVMMovie" */;
			compatibilityVersion = "Xcode 13.0";
			developmentRegion = en;
			hasScannedForEncodings = 0;
			knownRegions = (
				en,
				Base,
			);
			mainGroup = 89A0BC7E272BAAA400C1B73D;
			productRefGroup = 89A0BC88272BAAA400C1B73D /* Products */;
			projectDirPath = "";
			projectRoot = "";
			targets = (
				89A0BC86272BAAA400C1B73D /* MVVMMovie */,
			);
		};
/* End PBXProject section */

/* Begin PBXResourcesBuildPhase section */
		89A0BC85272BAAA400C1B73D /* Resources */ = {
			isa = PBXResourcesBuildPhase;
			buildActionMask = 2147483647;
			files = (
				89A0BC97272BAAA700C1B73D /* LaunchScreen.storyboard in Resources */,
				89A0BC94272BAAA700C1B73D /* Assets.xcassets in Resources */,
				89A0BC92272BAAA400C1B73D /* Main.storyboard in Resources */,
			);
			runOnlyForDeploymentPostprocessing = 0;
		};
/* End PBXResourcesBuildPhase section */

/* Begin PBXShellScriptBuildPhase section */
		13224319E8AF0B5245E65A02 /* [CP] Embed Pods Frameworks */ = {
			isa = PBXShellScriptBuildPhase;
			buildActionMask = 2147483647;
			files = (
			);
			inputFileListPaths = (
				"${PODS_ROOT}/Target Support Files/Pods-MVVMMovie/Pods-MVVMMovie-frameworks-${CONFIGURATION}-input-files.xcfilelist",
			);
			name = "[CP] Embed Pods Frameworks";
			outputFileListPaths = (
				"${PODS_ROOT}/Target Support Files/Pods-MVVMMovie/Pods-MVVMMovie-frameworks-${CONFIGURATION}-output-files.xcfilelist",
			);
			runOnlyForDeploymentPostprocessing = 0;
			shellPath = /bin/sh;
			shellScript = "\"${PODS_ROOT}/Target Support Files/Pods-MVVMMovie/Pods-MVVMMovie-frameworks.sh\"\n";
			showEnvVarsInLog = 0;
		};
		DE4F76DCBA9231CC079BD850 /* [CP] Check Pods Manifest.lock */ = {
			isa = PBXShellScriptBuildPhase;
			buildActionMask = 2147483647;
			files = (
			);
			inputFileListPaths = (
			);
			inputPaths = (
				"${PODS_PODFILE_DIR_PATH}/Podfile.lock",
				"${PODS_ROOT}/Manifest.lock",
			);
			name = "[CP] Check Pods Manifest.lock";
			outputFileListPaths = (
			);
			outputPaths = (
				"$(DERIVED_FILE_DIR)/Pods-MVVMMovie-checkManifestLockResult.txt",
			);
			runOnlyForDeploymentPostprocessing = 0;
			shellPath = /bin/sh;
			shellScript = "diff \"${PODS_PODFILE_DIR_PATH}/Podfile.lock\" \"${PODS_ROOT}/Manifest.lock\" > /dev/null\nif [ $? != 0 ] ; then\n    # print error to STDERR\n    echo \"error: The sandbox is not in sync with the Podfile.lock. Run 'pod install' or update your CocoaPods installation.\" >&2\n    exit 1\nfi\n# This output is used by Xcode 'outputs' to avoid re-running this script phase.\necho \"SUCCESS\" > \"${SCRIPT_OUTPUT_FILE_0}\"\n";
			showEnvVarsInLog = 0;
		};
/* End PBXShellScriptBuildPhase section */

/* Begin PBXSourcesBuildPhase section */
		89A0BC83272BAAA400C1B73D /* Sources */ = {
			isa = PBXSourcesBuildPhase;
			buildActionMask = 2147483647;
			files = (
				89A0BC9F272BB1F000C1B73D /* AppCoordinator.swift in Sources */,
				8962056F272C01A90080ACD6 /* ColumnFlowLayout.swift in Sources */,
				89620575272C0A910080ACD6 /* Movie.swift in Sources */,
				89A0BCA1272BBBC600C1B73D /* MoviePoster.swift in Sources */,
				89A0BC8F272BAAA400C1B73D /* PostersVC.swift in Sources */,
				89A0BC8B272BAAA400C1B73D /* AppDelegate.swift in Sources */,
				89620571272C09250080ACD6 /* DetailVC.swift in Sources */,
				89A0BC8D272BAAA400C1B73D /* SceneDelegate.swift in Sources */,
				89A0BCA5272BE2A700C1B73D /* PosterCell.swift in Sources */,
				898B1433272BF10E002941A7 /* MovieService.swift in Sources */,
				89620573272C09CE0080ACD6 /* DetailViewModel.swift in Sources */,
				89A0BCA3272BD65D00C1B73D /* PosterListViewModel.swift in Sources */,
			);
			runOnlyForDeploymentPostprocessing = 0;
		};
/* End PBXSourcesBuildPhase section */

/* Begin PBXVariantGroup section */
		89A0BC90272BAAA400C1B73D /* Main.storyboard */ = {
			isa = PBXVariantGroup;
			children = (
				89A0BC91272BAAA400C1B73D /* Base */,
			);
			name = Main.storyboard;
			sourceTree = "<group>";
		};
		89A0BC95272BAAA700C1B73D /* LaunchScreen.storyboard */ = {
			isa = PBXVariantGroup;
			children = (
				89A0BC96272BAAA700C1B73D /* Base */,
			);
			name = LaunchScreen.storyboard;
			sourceTree = "<group>";
		};
/* End PBXVariantGroup section */

/* Begin XCBuildConfiguration section */
		89A0BC99272BAAA700C1B73D /* Debug */ = {
			isa = XCBuildConfiguration;
			buildSettings = {
				ALWAYS_SEARCH_USER_PATHS = NO;
				CLANG_ANALYZER_NONNULL = YES;
				CLANG_ANALYZER_NUMBER_OBJECT_CONVERSION = YES_AGGRESSIVE;
				CLANG_CXX_LANGUAGE_STANDARD = "gnu++17";
				CLANG_CXX_LIBRARY = "libc++";
				CLANG_ENABLE_MODULES = YES;
				CLANG_ENABLE_OBJC_ARC = YES;
				CLANG_ENABLE_OBJC_WEAK = YES;
				CLANG_WARN_BLOCK_CAPTURE_AUTORELEASING = YES;
				CLANG_WARN_BOOL_CONVERSION = YES;
				CLANG_WARN_COMMA = YES;
				CLANG_WARN_CONSTANT_CONVERSION = YES;
				CLANG_WARN_DEPRECATED_OBJC_IMPLEMENTATIONS = YES;
				CLANG_WARN_DIRECT_OBJC_ISA_USAGE = YES_ERROR;
				CLANG_WARN_DOCUMENTATION_COMMENTS = YES;
				CLANG_WARN_EMPTY_BODY = YES;
				CLANG_WARN_ENUM_CONVERSION = YES;
				CLANG_WARN_INFINITE_RECURSION = YES;
				CLANG_WARN_INT_CONVERSION = YES;
				CLANG_WARN_NON_LITERAL_NULL_CONVERSION = YES;
				CLANG_WARN_OBJC_IMPLICIT_RETAIN_SELF = YES;
				CLANG_WARN_OBJC_LITERAL_CONVERSION = YES;
				CLANG_WARN_OBJC_ROOT_CLASS = YES_ERROR;
				CLANG_WARN_QUOTED_INCLUDE_IN_FRAMEWORK_HEADER = YES;
				CLANG_WARN_RANGE_LOOP_ANALYSIS = YES;
				CLANG_WARN_STRICT_PROTOTYPES = YES;
				CLANG_WARN_SUSPICIOUS_MOVE = YES;
				CLANG_WARN_UNGUARDED_AVAILABILITY = YES_AGGRESSIVE;
				CLANG_WARN_UNREACHABLE_CODE = YES;
				CLANG_WARN__DUPLICATE_METHOD_MATCH = YES;
				COPY_PHASE_STRIP = NO;
				DEBUG_INFORMATION_FORMAT = dwarf;
				ENABLE_STRICT_OBJC_MSGSEND = YES;
				ENABLE_TESTABILITY = YES;
				GCC_C_LANGUAGE_STANDARD = gnu11;
				GCC_DYNAMIC_NO_PIC = NO;
				GCC_NO_COMMON_BLOCKS = YES;
				GCC_OPTIMIZATION_LEVEL = 0;
				GCC_PREPROCESSOR_DEFINITIONS = (
					"DEBUG=1",
					"$(inherited)",
				);
				GCC_WARN_64_TO_32_BIT_CONVERSION = YES;
				GCC_WARN_ABOUT_RETURN_TYPE = YES_ERROR;
				GCC_WARN_UNDECLARED_SELECTOR = YES;
				GCC_WARN_UNINITIALIZED_AUTOS = YES_AGGRESSIVE;
				GCC_WARN_UNUSED_FUNCTION = YES;
				GCC_WARN_UNUSED_VARIABLE = YES;
				IPHONEOS_DEPLOYMENT_TARGET = 15.0;
				MTL_ENABLE_DEBUG_INFO = INCLUDE_SOURCE;
				MTL_FAST_MATH = YES;
				ONLY_ACTIVE_ARCH = YES;
				SDKROOT = iphoneos;
				SWIFT_ACTIVE_COMPILATION_CONDITIONS = DEBUG;
				SWIFT_OPTIMIZATION_LEVEL = "-Onone";
			};
			name = Debug;
		};
		89A0BC9A272BAAA700C1B73D /* Release */ = {
			isa = XCBuildConfiguration;
			buildSettings = {
				ALWAYS_SEARCH_USER_PATHS = NO;
				CLANG_ANALYZER_NONNULL = YES;
				CLANG_ANALYZER_NUMBER_OBJECT_CONVERSION = YES_AGGRESSIVE;
				CLANG_CXX_LANGUAGE_STANDARD = "gnu++17";
				CLANG_CXX_LIBRARY = "libc++";
				CLANG_ENABLE_MODULES = YES;
				CLANG_ENABLE_OBJC_ARC = YES;
				CLANG_ENABLE_OBJC_WEAK = YES;
				CLANG_WARN_BLOCK_CAPTURE_AUTORELEASING = YES;
				CLANG_WARN_BOOL_CONVERSION = YES;
				CLANG_WARN_COMMA = YES;
				CLANG_WARN_CONSTANT_CONVERSION = YES;
				CLANG_WARN_DEPRECATED_OBJC_IMPLEMENTATIONS = YES;
				CLANG_WARN_DIRECT_OBJC_ISA_USAGE = YES_ERROR;
				CLANG_WARN_DOCUMENTATION_COMMENTS = YES;
				CLANG_WARN_EMPTY_BODY = YES;
				CLANG_WARN_ENUM_CONVERSION = YES;
				CLANG_WARN_INFINITE_RECURSION = YES;
				CLANG_WARN_INT_CONVERSION = YES;
				CLANG_WARN_NON_LITERAL_NULL_CONVERSION = YES;
				CLANG_WARN_OBJC_IMPLICIT_RETAIN_SELF = YES;
				CLANG_WARN_OBJC_LITERAL_CONVERSION = YES;
				CLANG_WARN_OBJC_ROOT_CLASS = YES_ERROR;
				CLANG_WARN_QUOTED_INCLUDE_IN_FRAMEWORK_HEADER = YES;
				CLANG_WARN_RANGE_LOOP_ANALYSIS = YES;
				CLANG_WARN_STRICT_PROTOTYPES = YES;
				CLANG_WARN_SUSPICIOUS_MOVE = YES;
				CLANG_WARN_UNGUARDED_AVAILABILITY = YES_AGGRESSIVE;
				CLANG_WARN_UNREACHABLE_CODE = YES;
				CLANG_WARN__DUPLICATE_METHOD_MATCH = YES;
				COPY_PHASE_STRIP = NO;
				DEBUG_INFORMATION_FORMAT = "dwarf-with-dsym";
				ENABLE_NS_ASSERTIONS = NO;
				ENABLE_STRICT_OBJC_MSGSEND = YES;
				GCC_C_LANGUAGE_STANDARD = gnu11;
				GCC_NO_COMMON_BLOCKS = YES;
				GCC_WARN_64_TO_32_BIT_CONVERSION = YES;
				GCC_WARN_ABOUT_RETURN_TYPE = YES_ERROR;
				GCC_WARN_UNDECLARED_SELECTOR = YES;
				GCC_WARN_UNINITIALIZED_AUTOS = YES_AGGRESSIVE;
				GCC_WARN_UNUSED_FUNCTION = YES;
				GCC_WARN_UNUSED_VARIABLE = YES;
				IPHONEOS_DEPLOYMENT_TARGET = 15.0;
				MTL_ENABLE_DEBUG_INFO = NO;
				MTL_FAST_MATH = YES;
				SDKROOT = iphoneos;
				SWIFT_COMPILATION_MODE = wholemodule;
				SWIFT_OPTIMIZATION_LEVEL = "-O";
				VALIDATE_PRODUCT = YES;
			};
			name = Release;
		};
		89A0BC9C272BAAA700C1B73D /* Debug */ = {
			isa = XCBuildConfiguration;
			baseConfigurationReference = D82C18DCABD6481D6D988322 /* Pods-MVVMMovie.debug.xcconfig */;
			buildSettings = {
				ASSETCATALOG_COMPILER_APPICON_NAME = AppIcon;
				ASSETCATALOG_COMPILER_GLOBAL_ACCENT_COLOR_NAME = AccentColor;
				CODE_SIGN_STYLE = Automatic;
				CURRENT_PROJECT_VERSION = 1;
				DEVELOPMENT_TEAM = Q3495MS84B;
				GENERATE_INFOPLIST_FILE = YES;
				INFOPLIST_FILE = MVVMMovie/Info.plist;
				INFOPLIST_KEY_UIApplicationSupportsIndirectInputEvents = YES;
				INFOPLIST_KEY_UILaunchStoryboardName = LaunchScreen;
				INFOPLIST_KEY_UIMainStoryboardFile = Main;
				INFOPLIST_KEY_UISupportedInterfaceOrientations_iPad = "UIInterfaceOrientationPortrait UIInterfaceOrientationPortraitUpsideDown UIInterfaceOrientationLandscapeLeft UIInterfaceOrientationLandscapeRight";
				INFOPLIST_KEY_UISupportedInterfaceOrientations_iPhone = "UIInterfaceOrientationPortrait UIInterfaceOrientationLandscapeLeft UIInterfaceOrientationLandscapeRight";
				LD_RUNPATH_SEARCH_PATHS = (
					"$(inherited)",
					"@executable_path/Frameworks",
				);
				MARKETING_VERSION = 1.0;
				PRODUCT_BUNDLE_IDENTIFIER = com.chungbui.MVVMMovie;
				PRODUCT_NAME = "$(TARGET_NAME)";
				SWIFT_EMIT_LOC_STRINGS = YES;
				SWIFT_VERSION = 5.0;
				TARGETED_DEVICE_FAMILY = "1,2";
			};
			name = Debug;
		};
		89A0BC9D272BAAA700C1B73D /* Release */ = {
			isa = XCBuildConfiguration;
			baseConfigurationReference = AC8660FED3EB23043432F3ED /* Pods-MVVMMovie.release.xcconfig */;
			buildSettings = {
				ASSETCATALOG_COMPILER_APPICON_NAME = AppIcon;
				ASSETCATALOG_COMPILER_GLOBAL_ACCENT_COLOR_NAME = AccentColor;
				CODE_SIGN_STYLE = Automatic;
				CURRENT_PROJECT_VERSION = 1;
				DEVELOPMENT_TEAM = Q3495MS84B;
				GENERATE_INFOPLIST_FILE = YES;
				INFOPLIST_FILE = MVVMMovie/Info.plist;
				INFOPLIST_KEY_UIApplicationSupportsIndirectInputEvents = YES;
				INFOPLIST_KEY_UILaunchStoryboardName = LaunchScreen;
				INFOPLIST_KEY_UIMainStoryboardFile = Main;
				INFOPLIST_KEY_UISupportedInterfaceOrientations_iPad = "UIInterfaceOrientationPortrait UIInterfaceOrientationPortraitUpsideDown UIInterfaceOrientationLandscapeLeft UIInterfaceOrientationLandscapeRight";
				INFOPLIST_KEY_UISupportedInterfaceOrientations_iPhone = "UIInterfaceOrientationPortrait UIInterfaceOrientationLandscapeLeft UIInterfaceOrientationLandscapeRight";
				LD_RUNPATH_SEARCH_PATHS = (
					"$(inherited)",
					"@executable_path/Frameworks",
				);
				MARKETING_VERSION = 1.0;
				PRODUCT_BUNDLE_IDENTIFIER = com.chungbui.MVVMMovie;
				PRODUCT_NAME = "$(TARGET_NAME)";
				SWIFT_EMIT_LOC_STRINGS = YES;
				SWIFT_VERSION = 5.0;
				TARGETED_DEVICE_FAMILY = "1,2";
			};
			name = Release;
		};
/* End XCBuildConfiguration section */

/* Begin XCConfigurationList section */
		89A0BC82272BAAA400C1B73D /* Build configuration list for PBXProject "MVVMMovie" */ = {
			isa = XCConfigurationList;
			buildConfigurations = (
				89A0BC99272BAAA700C1B73D /* Debug */,
				89A0BC9A272BAAA700C1B73D /* Release */,
			);
			defaultConfigurationIsVisible = 0;
			defaultConfigurationName = Release;
		};
		89A0BC9B272BAAA700C1B73D /* Build configuration list for PBXNativeTarget "MVVMMovie" */ = {
			isa = XCConfigurationList;
			buildConfigurations = (
				89A0BC9C272BAAA700C1B73D /* Debug */,
				89A0BC9D272BAAA700C1B73D /* Release */,
			);
			defaultConfigurationIsVisible = 0;
			defaultConfigurationName = Release;
		};
/* End XCConfigurationList section */
	};
	rootObject = 89A0BC7F272BAAA400C1B73D /* Project object */;
}
